
Microsoft Visual Studio Solution File, Format Version 12.00
# Visual Studio Version 17
VisualStudioVersion = 17.4.33110.190
MinimumVisualStudioVersion = 10.0.40219.1
Project("{9A19103F-16F7-4668-BE54-9A1E7A4F7556}") = "AmitieNamespace", "Labo6\AmitieNamespace.csproj", "{7E72DCE3-1E84-4C42-A654-85232101F044}"
EndProject
Project("{9A19103F-16F7-4668-BE54-9A1E7A4F7556}") = "Nuget", "Nuget\Nuget.csproj", "{9B90306D-97BA-452D-BA18-991615C5681B}"
EndProject
Project("{FAE04EC0-301F-11D3-BF4B-00C04F79EFBC}") = "Construction", "Construction\Construction.csproj", "{E018C8C8-590A-4C35-BF76-F5A400F3BB9E}"
EndProject
Global
	GlobalSection(SolutionConfigurationPlatforms) = preSolution
		Debug|Any CPU = Debug|Any CPU
		Release|Any CPU = Release|Any CPU
	EndGlobalSection
	GlobalSection(ProjectConfigurationPlatforms) = postSolution
		{7E72DCE3-1E84-4C42-A654-85232101F044}.Debug|Any CPU.ActiveCfg = Debug|Any CPU
		{7E72DCE3-1E84-4C42-A654-85232101F044}.Debug|Any CPU.Build.0 = Debug|Any CPU
		{7E72DCE3-1E84-4C42-A654-85232101F044}.Release|Any CPU.ActiveCfg = Release|Any CPU
		{7E72DCE3-1E84-4C42-A654-85232101F044}.Release|Any CPU.Build.0 = Release|Any CPU
		{9B90306D-97BA-452D-BA18-991615C5681B}.Debug|Any CPU.ActiveCfg = Debug|Any CPU
		{9B90306D-97BA-452D-BA18-991615C5681B}.Debug|Any CPU.Build.0 = Debug|Any CPU
		{9B90306D-97BA-452D-BA18-991615C5681B}.Release|Any CPU.ActiveCfg = Release|Any CPU
		{9B90306D-97BA-452D-BA18-991615C5681B}.Release|Any CPU.Build.0 = Release|Any CPU
		{E018C8C8-590A-4C35-BF76-F5A400F3BB9E}.Debug|Any CPU.ActiveCfg = Debug|Any CPU
		{E018C8C8-590A-4C35-BF76-F5A400F3BB9E}.Debug|Any CPU.Build.0 = Debug|Any CPU
		{E018C8C8-590A-4C35-BF76-F5A400F3BB9E}.Release|Any CPU.ActiveCfg = Release|Any CPU
		{E018C8C8-590A-4C35-BF76-F5A400F3BB9E}.Release|Any CPU.Build.0 = Release|Any CPU
	EndGlobalSection
	GlobalSection(SolutionProperties) = preSolution
		HideSolutionNode = FALSE
	EndGlobalSection
	GlobalSection(ExtensibilityGlobals) = postSolution
		SolutionGuid = {464AC9E7-2231-4547-BAA2-56E022E037A7}
	EndGlobalSection
EndGlobal
